{
    "_readme": [
        "This file locks the dependencies of your project to a known state",
        "Read more about it at https://getcomposer.org/doc/01-basic-usage.md#composer-lock-the-lock-file",
        "This file is @generated automatically"
    ],
    "hash": "188c48b40ae76ea00f4052368d60b1c0",
    "content-hash": "7d6a75de0ebbf653a8a4567aabdbed44",
    "packages": [
        {
            "name": "composer/installers",
            "version": "v1.0.21",
            "source": {
                "type": "git",
                "url": "https://github.com/composer/installers.git",
                "reference": "d64e23fce42a4063d63262b19b8e7c0f3b5e4c45"
            },
            "dist": {
                "type": "zip",
                "url": "https://api.github.com/repos/composer/installers/zipball/d64e23fce42a4063d63262b19b8e7c0f3b5e4c45",
                "reference": "d64e23fce42a4063d63262b19b8e7c0f3b5e4c45",
                "shasum": ""
            },
            "replace": {
                "roundcube/plugin-installer": "*",
                "shama/baton": "*"
            },
            "require-dev": {
                "composer/composer": "1.0.*@dev",
                "phpunit/phpunit": "4.1.*"
            },
            "type": "composer-installer",
            "extra": {
                "class": "Composer\\Installers\\Installer",
                "branch-alias": {
                    "dev-master": "1.0-dev"
                }
            },
            "autoload": {
                "psr-0": {
                    "Composer\\Installers\\": "src/"
                }
            },
            "notification-url": "https://packagist.org/downloads/",
            "license": [
                "MIT"
            ],
            "authors": [
                {
                    "name": "Kyle Robinson Young",
                    "email": "kyle@dontkry.com",
                    "homepage": "https://github.com/shama"
                }
            ],
            "description": "A multi-framework Composer library installer",
            "homepage": "http://composer.github.com/installers/",
            "keywords": [
                "Craft",
                "Dolibarr",
                "Hurad",
                "MODX Evo",
                "OXID",
                "SMF",
                "Thelia",
                "WolfCMS",
                "agl",
                "aimeos",
                "annotatecms",
                "bitrix",
                "cakephp",
                "chef",
                "codeigniter",
                "concrete5",
                "croogo",
                "dokuwiki",
                "drupal",
                "elgg",
                "fuelphp",
                "grav",
                "installer",
                "joomla",
                "kohana",
                "laravel",
                "lithium",
                "magento",
                "mako",
                "mediawiki",
                "modulework",
                "moodle",
                "phpbb",
                "piwik",
                "ppi",
                "puppet",
                "roundcube",
                "shopware",
                "silverstripe",
                "symfony",
                "typo3",
                "wordpress",
                "zend",
                "zikula"
            ],
            "time": "2015-02-18 17:17:01"
        },
        {
            "name": "fzaninotto/faker",
            "version": "v1.5.0",
            "source": {
                "type": "git",
                "url": "https://github.com/fzaninotto/Faker.git",
                "reference": "d0190b156bcca848d401fb80f31f504f37141c8d"
            },
            "dist": {
                "type": "zip",
                "url": "https://api.github.com/repos/fzaninotto/Faker/zipball/d0190b156bcca848d401fb80f31f504f37141c8d",
                "reference": "d0190b156bcca848d401fb80f31f504f37141c8d",
                "shasum": ""
            },
            "require": {
                "php": ">=5.3.3"
            },
            "require-dev": {
                "phpunit/phpunit": "~4.0",
                "squizlabs/php_codesniffer": "~1.5"
            },
            "suggest": {
                "ext-intl": "*"
            },
            "type": "library",
            "extra": {
                "branch-alias": {
                    "dev-master": "1.5.x-dev"
                }
            },
            "autoload": {
                "psr-4": {
                    "Faker\\": "src/Faker/"
                }
            },
            "notification-url": "https://packagist.org/downloads/",
            "license": [
                "MIT"
            ],
            "authors": [
                {
                    "name": "François Zaninotto"
                }
            ],
            "description": "Faker is a PHP library that generates fake data for you.",
            "keywords": [
                "data",
                "faker",
                "fixtures"
            ],
            "time": "2015-05-29 06:29:14"
        },
        {
            "name": "heyday/silverstripe-hashpath",
            "version": "2.0.1",
            "source": {
                "type": "git",
                "url": "https://github.com/heyday/silverstripe-hashpath.git",
                "reference": "6b418e4e882ed4740a574d8dd9d5ed6e8ba0e3bd"
            },
            "dist": {
                "type": "zip",
                "url": "https://api.github.com/repos/heyday/silverstripe-hashpath/zipball/6b418e4e882ed4740a574d8dd9d5ed6e8ba0e3bd",
                "reference": "6b418e4e882ed4740a574d8dd9d5ed6e8ba0e3bd",
                "shasum": ""
            },
            "require": {
                "composer/installers": "~1.0"
            },
            "require-dev": {
                "composer/composer": "~1.0.0-alpha9",
                "silverstripe/framework": "~3.0"
            },
            "type": "silverstripe-module",
            "notification-url": "https://packagist.org/downloads/",
            "license": [
                "MIT"
            ],
            "authors": [
                {
                    "name": "Pieter Vanderwerff",
                    "email": "pieter@heyday.co.nz",
                    "role": "Developer"
                },
                {
                    "name": "Cam Spiers",
                    "email": "cameron@heyday.co.nz",
                    "role": "Developer"
                }
            ],
            "description": "Hash path provides a function in SilverStripe templates which given a path to an asset returns a path including a hash of the asset",
            "time": "2015-02-11 19:37:10"
        },
        {
            "name": "littlegiant/silverstripe-batchwrite",
            "version": "0.2.3",
            "source": {
                "type": "git",
                "url": "https://github.com/Little-Giant/silverstripe-batchwrite.git",
                "reference": "697646ab16c6a8ecac5d6862fed7106c46b0508d"
            },
            "dist": {
                "type": "zip",
                "url": "https://api.github.com/repos/Little-Giant/silverstripe-batchwrite/zipball/697646ab16c6a8ecac5d6862fed7106c46b0508d",
                "reference": "697646ab16c6a8ecac5d6862fed7106c46b0508d",
                "shasum": ""
            },
            "type": "silverstripe-module",
            "extra": {
                "installer-name": "silverstripe-batchwrite"
            },
            "notification-url": "https://packagist.org/downloads/",
            "license": [
                "BSD-2-Clause"
            ],
            "authors": [
                {
                    "name": "Little Giant",
                    "email": "webmaster@littlegiant.co.nz"
                }
            ],
            "description": "Batch write for silverstripe data objects",
            "homepage": "http://github.com/Little-Giant/silverstripe-batchwrite",
            "keywords": [
                "batch",
                "performance",
                "silverstripe"
            ],
            "time": "2015-10-15 01:11:36"
        },
        {
            "name": "littlegiant/silverstripe-catalogmanager",
            "version": "2.0.4",
            "source": {
                "type": "git",
                "url": "https://github.com/Little-Giant/silverstripe-catalogmanager.git",
                "reference": "43fe8b10d7f6865f6315d0d172717e633574f3f8"
            },
            "dist": {
                "type": "zip",
                "url": "https://api.github.com/repos/Little-Giant/silverstripe-catalogmanager/zipball/43fe8b10d7f6865f6315d0d172717e633574f3f8",
                "reference": "43fe8b10d7f6865f6315d0d172717e633574f3f8",
                "shasum": ""
            },
            "require": {
                "undefinedoffset/sortablegridfield": "~0.4.0"
            },
            "type": "silverstripe-module",
            "notification-url": "https://packagist.org/downloads/",
            "license": [
                "MIT"
            ],
            "authors": [
                {
                    "name": "Stevie Mayhew",
                    "email": "stevie.mayhew@littlegiant.co.nz",
                    "role": "Developer"
                },
                {
                    "name": "Oliver Shaw",
                    "email": "oliver.shaw@littlegiant.co.nz",
                    "role": "Developer"
                },
                {
                    "name": "James Fallwell",
                    "email": "james.fallwell@littlegiant.co.nz",
                    "role": "Developer"
                }
            ],
            "description": "Catalog Manager provides extension for ModelAdmin editing of SiteTree instances",
            "time": "2015-09-28 07:27:03"
        },
        {
            "name": "littlegiant/silverstripe-seeder",
            "version": "1.0.0",
            "source": {
                "type": "git",
                "url": "https://github.com/Little-Giant/silverstripe-seeder.git",
                "reference": "491c08d9421824c56c9f12972d2dfe8544108f69"
            },
            "dist": {
                "type": "zip",
                "url": "https://api.github.com/repos/Little-Giant/silverstripe-seeder/zipball/491c08d9421824c56c9f12972d2dfe8544108f69",
                "reference": "491c08d9421824c56c9f12972d2dfe8544108f69",
                "shasum": ""
            },
            "require": {
                "fzaninotto/faker": "^1.5",
                "littlegiant/silverstripe-batchwrite": "^0.2.2",
                "symfony/console": "^2.7"
            },
            "type": "silverstripe-module",
            "extra": {
                "installer-name": "silverstripe-seeder"
            },
            "notification-url": "https://packagist.org/downloads/",
            "license": [
                "BSD-2-Clause"
            ],
            "authors": [
                {
                    "name": "Little Giant",
                    "email": "webmaster@littlegiant.co.nz"
                }
            ],
            "description": "Seed data objects for dev",
            "homepage": "http://github.com/Little-Giant/silverstripe-seeder",
            "keywords": [
                "developer tool",
                "seed",
                "silverstripe"
            ],
            "time": "2015-10-15 01:09:49"
        },
        {
            "name": "ryanpotter/silverstripe-cms-theme",
            "version": "0.3.1",
            "source": {
                "type": "git",
                "url": "https://github.com/Rhym/silverstripe-cms-theme.git",
                "reference": "3b2e03ee5953f5d3b391101bc5d23f484f3056f7"
            },
            "dist": {
                "type": "zip",
                "url": "https://api.github.com/repos/Rhym/silverstripe-cms-theme/zipball/3b2e03ee5953f5d3b391101bc5d23f484f3056f7",
                "reference": "3b2e03ee5953f5d3b391101bc5d23f484f3056f7",
                "shasum": ""
            },
            "require": {
                "composer/installers": "*",
                "silverstripe/framework": ">=3.0.1,<3.2"
            },
            "suggest": {
                "silverstripe-australia/grouped-cms-menu": "Group CMS menus to provide a better UX"
            },
            "type": "silverstripe-module",
            "extra": {
                "installer-name": "silverstripe-branding"
            },
            "notification-url": "https://packagist.org/downloads/",
            "license": [
                "BSD-3-Clause"
            ],
            "authors": [
                {
                    "name": "Ryan Potter",
                    "homepage": "http://ryanpotter.co.nz/",
                    "role": "Developer"
                }
            ],
            "description": "CMS Theme",
            "keywords": [
                "silverstripe",
                "theme"
            ],
            "time": "2015-08-12 05:30:43"
        },
        {
            "name": "silverstripe-australia/grouped-cms-menu",
            "version": "2.2.2",
            "target-dir": "grouped-cms-menu",
            "source": {
                "type": "git",
                "url": "https://github.com/silverstripe-australia/silverstripe-grouped-cms-menu.git",
                "reference": "5de802c61ae0a5245ec72c759ba4e52a3a56382f"
            },
            "dist": {
                "type": "zip",
                "url": "https://api.github.com/repos/silverstripe-australia/silverstripe-grouped-cms-menu/zipball/5de802c61ae0a5245ec72c759ba4e52a3a56382f",
                "reference": "5de802c61ae0a5245ec72c759ba4e52a3a56382f",
                "shasum": ""
            },
            "require": {
                "silverstripe/cms": "~3.1",
                "silverstripe/framework": "~3.1"
            },
            "type": "silverstripe-module",
            "extra": {
                "installer-name": "grouped-cms-menu",
                "branch-alias": {
                    "dev-master": "2.2.x-dev"
                }
            },
            "notification-url": "https://packagist.org/downloads/",
            "license": [
                "BSD-3-Clause"
            ],
            "authors": [
                {
                    "name": "Marcus Nyeholt",
                    "email": "marcus@silverstripe.com.au"
                }
            ],
            "description": "Allows you to group CMS menu items.",
            "homepage": "https://github.com/silverstripe-australia/silverstripe-grouped-cms-menu",
            "keywords": [
                "cms",
                "menu",
                "module",
                "silverstripe"
            ],
            "time": "2015-08-25 21:27:55"
        },
        {
            "name": "silverstripe/cms",
            "version": "3.1.15",
            "source": {
                "type": "git",
                "url": "https://github.com/silverstripe/silverstripe-cms.git",
                "reference": "0df0f35278bf25154a7946ecc555705582a23748"
            },
            "dist": {
                "type": "zip",
                "url": "https://api.github.com/repos/silverstripe/silverstripe-cms/zipball/0df0f35278bf25154a7946ecc555705582a23748",
                "reference": "0df0f35278bf25154a7946ecc555705582a23748",
                "shasum": ""
            },
            "require": {
                "composer/installers": "*",
                "php": ">=5.3.2",
                "silverstripe/framework": "3.1.*"
            },
            "type": "silverstripe-module",
            "autoload": {
                "classmap": [
                    "tests/behat/"
                ]
            },
            "notification-url": "https://packagist.org/downloads/",
            "license": [
                "BSD-3-Clause"
            ],
            "authors": [
                {
                    "name": "SilverStripe",
                    "homepage": "http://silverstripe.com"
                },
                {
                    "name": "The SilverStripe Community",
                    "homepage": "http://silverstripe.org"
                }
            ],
            "description": "The SilverStripe Content Management System",
            "homepage": "http://silverstripe.org",
            "keywords": [
                "cms",
                "silverstripe"
            ],
            "time": "2015-09-18 02:21:19"
        },
        {
            "name": "silverstripe/framework",
            "version": "3.1.15",
            "source": {
                "type": "git",
                "url": "https://github.com/silverstripe/silverstripe-framework.git",
                "reference": "c2a407a01b362981d070d6062fef52c8679e4a2b"
            },
            "dist": {
                "type": "zip",
                "url": "https://api.github.com/repos/silverstripe/silverstripe-framework/zipball/c2a407a01b362981d070d6062fef52c8679e4a2b",
                "reference": "c2a407a01b362981d070d6062fef52c8679e4a2b",
                "shasum": ""
            },
            "require": {
                "composer/installers": "*",
                "php": ">=5.3.2,<7"
            },
            "require-dev": {
                "phpunit/phpunit": "~3.7@stable"
            },
            "type": "silverstripe-module",
            "autoload": {
                "classmap": [
                    "tests/behat/features/bootstrap"
                ]
            },
            "notification-url": "https://packagist.org/downloads/",
            "license": [
                "BSD-3-Clause"
            ],
            "authors": [
                {
                    "name": "SilverStripe",
                    "homepage": "http://silverstripe.com"
                },
                {
                    "name": "The SilverStripe Community",
                    "homepage": "http://silverstripe.org"
                }
            ],
            "description": "The SilverStripe framework",
            "homepage": "http://silverstripe.org",
            "keywords": [
                "framework",
                "silverstripe"
            ],
            "time": "2015-09-18 02:51:04"
        },
        {
            "name": "symfony/console",
            "version": "v2.7.5",
            "source": {
                "type": "git",
                "url": "https://github.com/symfony/console.git",
                "reference": "06cb17c013a82f94a3d840682b49425cd00a2161"
            },
            "dist": {
                "type": "zip",
                "url": "https://api.github.com/repos/symfony/console/zipball/06cb17c013a82f94a3d840682b49425cd00a2161",
                "reference": "06cb17c013a82f94a3d840682b49425cd00a2161",
                "shasum": ""
            },
            "require": {
                "php": ">=5.3.9"
            },
            "require-dev": {
                "psr/log": "~1.0",
                "symfony/event-dispatcher": "~2.1",
                "symfony/phpunit-bridge": "~2.7",
                "symfony/process": "~2.1"
            },
            "suggest": {
                "psr/log": "For using the console logger",
                "symfony/event-dispatcher": "",
                "symfony/process": ""
            },
            "type": "library",
            "extra": {
                "branch-alias": {
                    "dev-master": "2.7-dev"
                }
            },
            "autoload": {
                "psr-4": {
                    "Symfony\\Component\\Console\\": ""
                }
            },
            "notification-url": "https://packagist.org/downloads/",
            "license": [
                "MIT"
            ],
            "authors": [
                {
                    "name": "Fabien Potencier",
                    "email": "fabien@symfony.com"
                },
                {
                    "name": "Symfony Community",
                    "homepage": "https://symfony.com/contributors"
                }
            ],
            "description": "Symfony Console Component",
            "homepage": "https://symfony.com",
            "time": "2015-09-25 08:32:23"
        },
        {
            "name": "unclecheese/betterbuttons",
            "version": "1.2.8",
            "source": {
                "type": "git",
                "url": "https://github.com/unclecheese/silverstripe-gridfield-betterbuttons.git",
                "reference": "b78f3c7449651ba2acefe4000f161e17384fcad3"
            },
            "dist": {
                "type": "zip",
                "url": "https://api.github.com/repos/unclecheese/silverstripe-gridfield-betterbuttons/zipball/b78f3c7449651ba2acefe4000f161e17384fcad3",
                "reference": "b78f3c7449651ba2acefe4000f161e17384fcad3",
                "shasum": ""
            },
            "require": {
                "silverstripe/framework": "~3.1"
            },
            "type": "silverstripe-module",
            "notification-url": "https://packagist.org/downloads/",
            "license": [
                "BSD-3-Clause"
            ],
            "authors": [
                {
                    "name": "Uncle Cheese",
                    "email": "unclecheese@leftandmain.com"
                }
            ],
            "description": "Adds new form actions and buttons to GridField detail form for usability enhancements.",
            "keywords": [
                "buttons",
                "gridfield",
                "silverstripe"
            ],
            "time": "2015-02-09 02:07:59"
        },
        {
            "name": "undefinedoffset/sortablegridfield",
            "version": "0.4.5",
            "source": {
                "type": "git",
                "url": "https://github.com/UndefinedOffset/SortableGridField.git",
                "reference": "282ea74a764d247f70c1c73c1400bcc322aade08"
            },
            "dist": {
                "type": "zip",
                "url": "https://api.github.com/repos/UndefinedOffset/SortableGridField/zipball/282ea74a764d247f70c1c73c1400bcc322aade08",
                "reference": "282ea74a764d247f70c1c73c1400bcc322aade08",
                "shasum": ""
            },
            "require": {
                "composer/installers": "*",
                "silverstripe/framework": ">=3.0.1,<3.3"
            },
            "type": "silverstripe-module",
            "extra": {
                "installer-name": "sortablegridfield"
            },
            "notification-url": "https://packagist.org/downloads/",
            "license": [
                "BSD-3-Clause"
            ],
            "authors": [
                {
                    "name": "Ed Chipman",
                    "homepage": "http://www.edchipman.ca",
                    "role": "Developer"
                }
            ],
            "description": "Adds drag and drop functionality to SilverStripe 3.0's GridField",
            "keywords": [
                "gridfield",
                "silverstripe"
            ],
            "time": "2015-08-29 17:54:46"
        }
    ],
    "packages-dev": [
        {
            "name": "gdmedia/ss-auto-git-ignore",
            "version": "0.0.3",
            "source": {
                "type": "git",
                "url": "https://github.com/guru-digital/SSAutoGitIgnore.git",
                "reference": "4e71f8ecf506fa7e82d3218b7c5d593b021d4e7f"
            },
            "dist": {
                "type": "zip",
                "url": "https://api.github.com/repos/guru-digital/SSAutoGitIgnore/zipball/4e71f8ecf506fa7e82d3218b7c5d593b021d4e7f",
                "reference": "4e71f8ecf506fa7e82d3218b7c5d593b021d4e7f",
                "shasum": ""
            },
            "type": "library",
            "autoload": {
                "psr-0": {
                    "GDM\\": "./"
                }
            },
            "notification-url": "https://packagist.org/downloads/",
            "authors": [
                {
                    "name": "Corey Sewell",
                    "email": "corey@gurudigal.nz"
                }
            ],
            "description": "A Composer post-update-cmd script to automatically add Composer managed SilverStripe modules and themes to .gitignore",
            "time": "2015-03-05 23:18:02"
        }
    ],
    "aliases": [],
    "minimum-stability": "stable",
    "stability-flags": [],
    "prefer-stable": false,
    "prefer-lowest": false,
    "platform": {
        "php": ">=5.3.2"
    },
    "platform-dev": []
}
